
Microsoft Visual Studio Solution File, Format Version 12.00
# Visual Studio Version 17
VisualStudioVersion = 17.0.31912.275
MinimumVisualStudioVersion = 10.0.40219.1
Project("{FAE04EC0-301F-11D3-BF4B-00C04F79EFBC}") = "Prototype-Main", "Prototype-Main.csproj", "{F4B827C7-E2E1-4753-8EF2-9BC9A2A8503A}"
EndProject
Global
	GlobalSection(SolutionConfigurationPlatforms) = preSolution
		Debug|Any CPU = Debug|Any CPU
		Release|Any CPU = Release|Any CPU
	EndGlobalSection
	GlobalSection(ProjectConfigurationPlatforms) = postSolution
		{F4B827C7-E2E1-4753-8EF2-9BC9A2A8503A}.Debug|Any CPU.ActiveCfg = Debug|Any CPU
		{F4B827C7-E2E1-4753-8EF2-9BC9A2A8503A}.Debug|Any CPU.Build.0 = Debug|Any CPU
		{F4B827C7-E2E1-4753-8EF2-9BC9A2A8503A}.Release|Any CPU.ActiveCfg = Release|Any CPU
		{F4B827C7-E2E1-4753-8EF2-9BC9A2A8503A}.Release|Any CPU.Build.0 = Release|Any CPU
	EndGlobalSection
	GlobalSection(SolutionProperties) = preSolution
		HideSolutionNode = FALSE
	EndGlobalSection
	GlobalSection(ExtensibilityGlobals) = postSolution
		SolutionGuid = {A6B1C07A-2897-40B3-BCCC-3B6FB96BE32E}
	EndGlobalSection
EndGlobal
